
Microsoft Visual Studio Solution File, Format Version 12.00
# Visual Studio Version 17
VisualStudioVersion = 17.2.32526.322
MinimumVisualStudioVersion = 10.0.40219.1
Project("{FAE04EC0-301F-11D3-BF4B-00C04F79EFBC}") = "Solid.School", "Solid.School.csproj", "{4869A2FC-0EFA-4A7F-B477-ADA1AB563A8D}"
EndProject
Project("{FAE04EC0-301F-11D3-BF4B-00C04F79EFBC}") = "Solid.School.Data", "..\Solid.School.Data\Solid.School.Data.csproj", "{1B9FD753-DDF9-4F48-AFB4-D644CD74B05C}"
EndProject
Project("{FAE04EC0-301F-11D3-BF4B-00C04F79EFBC}") = "Solid.School.Models", "..\Solid.School.Models\Solid.School.Models.csproj", "{A904AFCC-27F4-4F82-B5E2-CCA4DBEEFE1B}"
EndProject
Project("{FAE04EC0-301F-11D3-BF4B-00C04F79EFBC}") = "Solid.School.Repo", "..\Solid.School.Repo\Solid.School.Repo.csproj", "{3314A312-A973-4328-9047-C4D239C43AC7}"
EndProject
Project("{FAE04EC0-301F-11D3-BF4B-00C04F79EFBC}") = "Solid.School.Services", "..\Solid.School.Services\Solid.School.Services.csproj", "{A7871D3C-C13A-4213-9899-8B6CB595F903}"
EndProject
Global
	GlobalSection(SolutionConfigurationPlatforms) = preSolution
		Debug|Any CPU = Debug|Any CPU
		Release|Any CPU = Release|Any CPU
	EndGlobalSection
	GlobalSection(ProjectConfigurationPlatforms) = postSolution
		{4869A2FC-0EFA-4A7F-B477-ADA1AB563A8D}.Debug|Any CPU.ActiveCfg = Debug|Any CPU
		{4869A2FC-0EFA-4A7F-B477-ADA1AB563A8D}.Debug|Any CPU.Build.0 = Debug|Any CPU
		{4869A2FC-0EFA-4A7F-B477-ADA1AB563A8D}.Release|Any CPU.ActiveCfg = Release|Any CPU
		{4869A2FC-0EFA-4A7F-B477-ADA1AB563A8D}.Release|Any CPU.Build.0 = Release|Any CPU
		{1B9FD753-DDF9-4F48-AFB4-D644CD74B05C}.Debug|Any CPU.ActiveCfg = Debug|Any CPU
		{1B9FD753-DDF9-4F48-AFB4-D644CD74B05C}.Debug|Any CPU.Build.0 = Debug|Any CPU
		{1B9FD753-DDF9-4F48-AFB4-D644CD74B05C}.Release|Any CPU.ActiveCfg = Release|Any CPU
		{1B9FD753-DDF9-4F48-AFB4-D644CD74B05C}.Release|Any CPU.Build.0 = Release|Any CPU
		{A904AFCC-27F4-4F82-B5E2-CCA4DBEEFE1B}.Debug|Any CPU.ActiveCfg = Debug|Any CPU
		{A904AFCC-27F4-4F82-B5E2-CCA4DBEEFE1B}.Debug|Any CPU.Build.0 = Debug|Any CPU
		{A904AFCC-27F4-4F82-B5E2-CCA4DBEEFE1B}.Release|Any CPU.ActiveCfg = Release|Any CPU
		{A904AFCC-27F4-4F82-B5E2-CCA4DBEEFE1B}.Release|Any CPU.Build.0 = Release|Any CPU
		{3314A312-A973-4328-9047-C4D239C43AC7}.Debug|Any CPU.ActiveCfg = Debug|Any CPU
		{3314A312-A973-4328-9047-C4D239C43AC7}.Debug|Any CPU.Build.0 = Debug|Any CPU
		{3314A312-A973-4328-9047-C4D239C43AC7}.Release|Any CPU.ActiveCfg = Release|Any CPU
		{3314A312-A973-4328-9047-C4D239C43AC7}.Release|Any CPU.Build.0 = Release|Any CPU
		{A7871D3C-C13A-4213-9899-8B6CB595F903}.Debug|Any CPU.ActiveCfg = Debug|Any CPU
		{A7871D3C-C13A-4213-9899-8B6CB595F903}.Debug|Any CPU.Build.0 = Debug|Any CPU
		{A7871D3C-C13A-4213-9899-8B6CB595F903}.Release|Any CPU.ActiveCfg = Release|Any CPU
		{A7871D3C-C13A-4213-9899-8B6CB595F903}.Release|Any CPU.Build.0 = Release|Any CPU
	EndGlobalSection
	GlobalSection(SolutionProperties) = preSolution
		HideSolutionNode = FALSE
	EndGlobalSection
	GlobalSection(ExtensibilityGlobals) = postSolution
		SolutionGuid = {15AAA91F-2AC3-4630-84D2-0ED29C19B8FF}
	EndGlobalSection
EndGlobal
