
Microsoft Visual Studio Solution File, Format Version 12.00
# Visual Studio Version 17
VisualStudioVersion = 17.2.32526.322
MinimumVisualStudioVersion = 10.0.40219.1
Project("{9A19103F-16F7-4668-BE54-9A1E7A4F7556}") = "ConsoleApp.DbConnections", "ConsoleApp.DbConnections\ConsoleApp.DbConnections.csproj", "{0AC21F7F-0670-4220-BEC9-CE9476F1B959}"
EndProject
Project("{9A19103F-16F7-4668-BE54-9A1E7A4F7556}") = "ConsoleApp.DbFirsts", "ConsoleApp.DbFirsts\ConsoleApp.DbFirsts.csproj", "{5CD50E5B-9617-4A4B-941C-FC7E0329309F}"
EndProject
Project("{FAE04EC0-301F-11D3-BF4B-00C04F79EFBC}") = "FirstWinFormsApp", "FirstWinFormsApp\FirstWinFormsApp.csproj", "{AEAC91E2-CF0A-46F5-9077-7AA1B4DDFCCD}"
EndProject
Global
	GlobalSection(SolutionConfigurationPlatforms) = preSolution
		Debug|Any CPU = Debug|Any CPU
		Release|Any CPU = Release|Any CPU
	EndGlobalSection
	GlobalSection(ProjectConfigurationPlatforms) = postSolution
		{0AC21F7F-0670-4220-BEC9-CE9476F1B959}.Debug|Any CPU.ActiveCfg = Debug|Any CPU
		{0AC21F7F-0670-4220-BEC9-CE9476F1B959}.Debug|Any CPU.Build.0 = Debug|Any CPU
		{0AC21F7F-0670-4220-BEC9-CE9476F1B959}.Release|Any CPU.ActiveCfg = Release|Any CPU
		{0AC21F7F-0670-4220-BEC9-CE9476F1B959}.Release|Any CPU.Build.0 = Release|Any CPU
		{5CD50E5B-9617-4A4B-941C-FC7E0329309F}.Debug|Any CPU.ActiveCfg = Debug|Any CPU
		{5CD50E5B-9617-4A4B-941C-FC7E0329309F}.Debug|Any CPU.Build.0 = Debug|Any CPU
		{5CD50E5B-9617-4A4B-941C-FC7E0329309F}.Release|Any CPU.ActiveCfg = Release|Any CPU
		{5CD50E5B-9617-4A4B-941C-FC7E0329309F}.Release|Any CPU.Build.0 = Release|Any CPU
		{AEAC91E2-CF0A-46F5-9077-7AA1B4DDFCCD}.Debug|Any CPU.ActiveCfg = Debug|Any CPU
		{AEAC91E2-CF0A-46F5-9077-7AA1B4DDFCCD}.Debug|Any CPU.Build.0 = Debug|Any CPU
		{AEAC91E2-CF0A-46F5-9077-7AA1B4DDFCCD}.Release|Any CPU.ActiveCfg = Release|Any CPU
		{AEAC91E2-CF0A-46F5-9077-7AA1B4DDFCCD}.Release|Any CPU.Build.0 = Release|Any CPU
	EndGlobalSection
	GlobalSection(SolutionProperties) = preSolution
		HideSolutionNode = FALSE
	EndGlobalSection
	GlobalSection(ExtensibilityGlobals) = postSolution
		SolutionGuid = {EFF347BF-8834-4D76-BFCF-9375D244AEDD}
	EndGlobalSection
EndGlobal
